
Microsoft Visual Studio Solution File, Format Version 12.00
# Visual Studio Version 17
VisualStudioVersion = 17.5.33627.172
MinimumVisualStudioVersion = 10.0.40219.1
Project("{FAE04EC0-301F-11D3-BF4B-00C04F79EFBC}") = "Custom Array", "Custom Array.csproj", "{1E016E3B-FFE3-4D93-AC75-485330F6098D}"
EndProject
Global
	GlobalSection(SolutionConfigurationPlatforms) = preSolution
		Debug|Any CPU = Debug|Any CPU
		Release|Any CPU = Release|Any CPU
	EndGlobalSection
	GlobalSection(ProjectConfigurationPlatforms) = postSolution
		{1E016E3B-FFE3-4D93-AC75-485330F6098D}.Debug|Any CPU.ActiveCfg = Debug|Any CPU
		{1E016E3B-FFE3-4D93-AC75-485330F6098D}.Debug|Any CPU.Build.0 = Debug|Any CPU
		{1E016E3B-FFE3-4D93-AC75-485330F6098D}.Release|Any CPU.ActiveCfg = Release|Any CPU
		{1E016E3B-FFE3-4D93-AC75-485330F6098D}.Release|Any CPU.Build.0 = Release|Any CPU
	EndGlobalSection
	GlobalSection(SolutionProperties) = preSolution
		HideSolutionNode = FALSE
	EndGlobalSection
	GlobalSection(ExtensibilityGlobals) = postSolution
		SolutionGuid = {56666B0A-740A-43EF-A7E8-448EA71A1037}
	EndGlobalSection
EndGlobal
